
Microsoft Visual Studio Solution File, Format Version 11.00
# Visual Studio 2010
Project("{FAE04EC0-301F-11D3-BF4B-00C04F79EFBC}") = "Leap2", "Assembly-CSharp.csproj", "{46C339BF-54C8-AF36-764C-A6F02BC4BA09}"
EndProject
Project("{FAE04EC0-301F-11D3-BF4B-00C04F79EFBC}") = "Leap2", "Assembly-CSharp-Editor.csproj", "{A3D498AD-CAB0-1A9F-C313-9ABCF74D245A}"
EndProject
Global
	GlobalSection(SolutionConfigurationPlatforms) = preSolution
		Debug|Any CPU = Debug|Any CPU
		Release|Any CPU = Release|Any CPU
	EndGlobalSection
	GlobalSection(ProjectConfigurationPlatforms) = postSolution
		{46C339BF-54C8-AF36-764C-A6F02BC4BA09}.Debug|Any CPU.ActiveCfg = Debug|Any CPU
		{46C339BF-54C8-AF36-764C-A6F02BC4BA09}.Debug|Any CPU.Build.0 = Debug|Any CPU
		{46C339BF-54C8-AF36-764C-A6F02BC4BA09}.Release|Any CPU.ActiveCfg = Release|Any CPU
		{46C339BF-54C8-AF36-764C-A6F02BC4BA09}.Release|Any CPU.Build.0 = Release|Any CPU
		{A3D498AD-CAB0-1A9F-C313-9ABCF74D245A}.Debug|Any CPU.ActiveCfg = Debug|Any CPU
		{A3D498AD-CAB0-1A9F-C313-9ABCF74D245A}.Debug|Any CPU.Build.0 = Debug|Any CPU
		{A3D498AD-CAB0-1A9F-C313-9ABCF74D245A}.Release|Any CPU.ActiveCfg = Release|Any CPU
		{A3D498AD-CAB0-1A9F-C313-9ABCF74D245A}.Release|Any CPU.Build.0 = Release|Any CPU
	EndGlobalSection
	GlobalSection(SolutionProperties) = preSolution
		HideSolutionNode = FALSE
	EndGlobalSection
	GlobalSection(MonoDevelopProperties) = preSolution
		StartupItem = Assembly-CSharp.csproj
	EndGlobalSection
EndGlobal
